
Microsoft Visual Studio Solution File, Format Version 12.00
# Visual Studio Version 17
VisualStudioVersion = 17.0.31903.59
MinimumVisualStudioVersion = 10.0.40219.1
Project("{2150E333-8FDC-42A3-9474-1A3956D46DE8}") = "src", "src", "{DBEFD37B-8203-44BB-B5DA-7392C7DDADC3}"
EndProject
Project("{FAE04EC0-301F-11D3-BF4B-00C04F79EFBC}") = "Enneal.Algoritmos.Busca", "src\Enneal.Algoritmos.Busca\Enneal.Algoritmos.Busca.csproj", "{3C502289-0E18-43DC-A57B-A329AE3E8A30}"
EndProject
Project("{FAE04EC0-301F-11D3-BF4B-00C04F79EFBC}") = "Enneal.Algoritmos.CaminhoInvasor", "src\Enneal.Algoritmos.CaminhoInvasor\Enneal.Algoritmos.CaminhoInvasor.csproj", "{BDEB5B23-2DBE-4AD1-AD6B-399B100ACD97}"
EndProject
Project("{FAE04EC0-301F-11D3-BF4B-00C04F79EFBC}") = "Enneal.Algoritmos.ForcaBruta", "src\Enneal.Algoritmos.ForcaBruta\Enneal.Algoritmos.ForcaBruta.csproj", "{E6FCC36F-E72E-4FEB-8D52-7F764F1EA461}"
EndProject
Project("{FAE04EC0-301F-11D3-BF4B-00C04F79EFBC}") = "Enneal.Algoritmos.MenorCaminho", "src\Enneal.Algoritmos.MenorCaminho\Enneal.Algoritmos.MenorCaminho.csproj", "{8036355F-70A1-4902-BF7F-6161B0AC3331}"
EndProject
Project("{FAE04EC0-301F-11D3-BF4B-00C04F79EFBC}") = "Enneal.Algoritmos.NRainhas", "src\Enneal.Algoritmos.NRainhas\Enneal.Algoritmos.NRainhas.csproj", "{61F0DE9A-4024-4264-9750-FE71C30D9D8B}"
EndProject
Project("{FAE04EC0-301F-11D3-BF4B-00C04F79EFBC}") = "Enneal.Algoritmos.Ordenacoes", "src\Enneal.Algoritmos.Ordenacoes\Enneal.Algoritmos.Ordenacoes.csproj", "{0293BD67-8C6E-4518-8949-E8E084884D2E}"
EndProject
Project("{FAE04EC0-301F-11D3-BF4B-00C04F79EFBC}") = "Enneal.Algoritmos.RateLimit", "src\Enneal.Algoritmos.RateLimit\Enneal.Algoritmos.RateLimit.csproj", "{7B3908F5-3CDC-4496-911D-46C3C34A88A3}"
EndProject
Project("{2150E333-8FDC-42A3-9474-1A3956D46DE8}") = "samples", "samples", "{42454863-16A5-4374-B5A4-22197E656099}"
EndProject
Project("{FAE04EC0-301F-11D3-BF4B-00C04F79EFBC}") = "BuscaLinearVsBinaria", "samples\busca-linear-vs-binaria\BuscaLinearVsBinaria.csproj", "{C69C5A3F-8E16-44B1-AA83-EE6C98AAD7E9}"
EndProject
Project("{FAE04EC0-301F-11D3-BF4B-00C04F79EFBC}") = "CaminhoDoInvasor", "samples\caminho-do-invasor\CaminhoDoInvasor.csproj", "{760BF237-241F-4291-9608-C68FE678AAC8}"
EndProject
Project("{FAE04EC0-301F-11D3-BF4B-00C04F79EFBC}") = "CorridaDeOrdenacoes", "samples\corrida-de-ordenacoes\CorridaDeOrdenacoes.csproj", "{4C861BCA-A5D9-4104-87C7-E16313D90F6C}"
EndProject
Project("{FAE04EC0-301F-11D3-BF4B-00C04F79EFBC}") = "DijkstraAEstrela", "samples\dijkstra-a-estrela\DijkstraAEstrela.csproj", "{E583D7BD-8627-47CA-B4DF-B704BF8CD704}"
EndProject
Project("{FAE04EC0-301F-11D3-BF4B-00C04F79EFBC}") = "ForcaBrutaSenha", "samples\forca-bruta-senha\ForcaBrutaSenha.csproj", "{5AE67B0B-8068-4EF3-93E6-4A60A418E3BF}"
EndProject
Project("{FAE04EC0-301F-11D3-BF4B-00C04F79EFBC}") = "NRainhasLongo", "samples\n-rainhas-4x4-ate-8x8\NRainhasLongo.csproj", "{9CDFB929-5DC7-4D64-A63F-FA45F82AA2BC}"
EndProject
Project("{FAE04EC0-301F-11D3-BF4B-00C04F79EFBC}") = "NRainhas", "samples\n-rainhas-8x8\NRainhas.csproj", "{8E315CAE-5483-4184-A125-F525143E8EF1}"
EndProject
Project("{FAE04EC0-301F-11D3-BF4B-00C04F79EFBC}") = "RateLimitTokenBucket", "samples\rate-limit-token-bucket\RateLimitTokenBucket.csproj", "{F18EB6FA-50B5-4558-B2EB-1807A429774B}"
EndProject
Project("{2150E333-8FDC-42A3-9474-1A3956D46DE8}") = "tests", "tests", "{B98B9AAD-B560-4E26-A61E-896F165F6B2B}"
EndProject
Project("{FAE04EC0-301F-11D3-BF4B-00C04F79EFBC}") = "Enneal.Algoritmos.Tests", "tests\Enneal.Algoritmos.Tests\Enneal.Algoritmos.Tests.csproj", "{419D3AC1-61F5-4E38-B982-69557C6FA20C}"
EndProject
Project("{FAE04EC0-301F-11D3-BF4B-00C04F79EFBC}") = "Enneal.Algoritmos.TorreHanoi", "src\Enneal.Algoritmos.TorreHanoi\Enneal.Algoritmos.TorreHanoi.csproj", "{A7146181-6F8A-443A-832C-21594C9FE958}"
EndProject
Project("{FAE04EC0-301F-11D3-BF4B-00C04F79EFBC}") = "TorreDeHanoi", "samples\torre-de-hanoi\TorreDeHanoi.csproj", "{943ADE12-3DB8-46E4-A0A9-EE07F57C69A7}"
EndProject
Project("{FAE04EC0-301F-11D3-BF4B-00C04F79EFBC}") = "Enneal.Algoritmos.ControleDeAcesso", "src\Enneal.Algoritmos.ControleDeAcesso\Enneal.Algoritmos.ControleDeAcesso.csproj", "{2A2C8D7F-564C-43FB-981F-FA04E5908C2E}"
EndProject
Project("{FAE04EC0-301F-11D3-BF4B-00C04F79EFBC}") = "Enneal.Algoritmos.RotasEsquecidas", "src\Enneal.Algoritmos.RotasEsquecidas\Enneal.Algoritmos.RotasEsquecidas.csproj", "{2BFBD5FF-2638-41A7-992A-85B108663734}"
EndProject
Project("{FAE04EC0-301F-11D3-BF4B-00C04F79EFBC}") = "Enneal.Algoritmos.TriagemVulnerabilidades", "src\Enneal.Algoritmos.TriagemVulnerabilidades\Enneal.Algoritmos.TriagemVulnerabilidades.csproj", "{2CE81684-B6DB-4E7D-BD0E-1714A62AC391}"
EndProject
Project("{FAE04EC0-301F-11D3-BF4B-00C04F79EFBC}") = "IdorChecagemDeDono", "samples\idor-checagem-de-dono\IdorChecagemDeDono.csproj", "{765A1747-CA75-4AE0-B954-056DE6D381FE}"
EndProject
Project("{FAE04EC0-301F-11D3-BF4B-00C04F79EFBC}") = "RotasEsquecidas", "samples\rotas-esquecidas\RotasEsquecidas.csproj", "{8D66ED43-DE33-43C9-AC02-B55D65EE6A44}"
EndProject
Project("{FAE04EC0-301F-11D3-BF4B-00C04F79EFBC}") = "TriagemCvssEpssKev", "samples\triagem-cvss-epss-kev\TriagemCvssEpssKev.csproj", "{32A470FB-0F1E-4EB4-9396-212442B00B20}"
EndProject
Project("{FAE04EC0-301F-11D3-BF4B-00C04F79EFBC}") = "Enneal.Algoritmos.NotaTls", "src\Enneal.Algoritmos.NotaTls\Enneal.Algoritmos.NotaTls.csproj", "{A9C1BE10-E2CE-41C9-933C-9A1694A75FC6}"
EndProject
Project("{FAE04EC0-301F-11D3-BF4B-00C04F79EFBC}") = "NotaDoHttps", "samples\nota-do-https\NotaDoHttps.csproj", "{F64E64B1-DAB3-495F-A53A-B0AD8884D3BC}"
EndProject
Project("{FAE04EC0-301F-11D3-BF4B-00C04F79EFBC}") = "Enneal.Algoritmos.CabecalhosSeguranca", "src\Enneal.Algoritmos.CabecalhosSeguranca\Enneal.Algoritmos.CabecalhosSeguranca.csproj", "{4CCF2D25-262F-43E2-B3D3-7E6E24033B41}"
EndProject
Project("{FAE04EC0-301F-11D3-BF4B-00C04F79EFBC}") = "CabecalhosDeSeguranca", "samples\cabecalhos-de-seguranca\CabecalhosDeSeguranca.csproj", "{441FFB2B-4C3B-4165-B15C-9B22A2BCC5EC}"
EndProject
Project("{FAE04EC0-301F-11D3-BF4B-00C04F79EFBC}") = "Enneal.Algoritmos.UrlMaliciosa", "src\Enneal.Algoritmos.UrlMaliciosa\Enneal.Algoritmos.UrlMaliciosa.csproj", "{85B85B07-967A-4546-A921-7E89816D10E7}"
EndProject
Project("{FAE04EC0-301F-11D3-BF4B-00C04F79EFBC}") = "UrlMaliciosa", "samples\url-maliciosa\UrlMaliciosa.csproj", "{AF45C2E5-EF94-43E8-A3D0-321803DC804E}"
EndProject
Global
	GlobalSection(SolutionConfigurationPlatforms) = preSolution
		Debug|Any CPU = Debug|Any CPU
		Release|Any CPU = Release|Any CPU
	EndGlobalSection
	GlobalSection(SolutionProperties) = preSolution
		HideSolutionNode = FALSE
	EndGlobalSection
	GlobalSection(ProjectConfigurationPlatforms) = postSolution
		{3C502289-0E18-43DC-A57B-A329AE3E8A30}.Debug|Any CPU.ActiveCfg = Debug|Any CPU
		{3C502289-0E18-43DC-A57B-A329AE3E8A30}.Debug|Any CPU.Build.0 = Debug|Any CPU
		{3C502289-0E18-43DC-A57B-A329AE3E8A30}.Release|Any CPU.ActiveCfg = Release|Any CPU
		{3C502289-0E18-43DC-A57B-A329AE3E8A30}.Release|Any CPU.Build.0 = Release|Any CPU
		{BDEB5B23-2DBE-4AD1-AD6B-399B100ACD97}.Debug|Any CPU.ActiveCfg = Debug|Any CPU
		{BDEB5B23-2DBE-4AD1-AD6B-399B100ACD97}.Debug|Any CPU.Build.0 = Debug|Any CPU
		{BDEB5B23-2DBE-4AD1-AD6B-399B100ACD97}.Release|Any CPU.ActiveCfg = Release|Any CPU
		{BDEB5B23-2DBE-4AD1-AD6B-399B100ACD97}.Release|Any CPU.Build.0 = Release|Any CPU
		{E6FCC36F-E72E-4FEB-8D52-7F764F1EA461}.Debug|Any CPU.ActiveCfg = Debug|Any CPU
		{E6FCC36F-E72E-4FEB-8D52-7F764F1EA461}.Debug|Any CPU.Build.0 = Debug|Any CPU
		{E6FCC36F-E72E-4FEB-8D52-7F764F1EA461}.Release|Any CPU.ActiveCfg = Release|Any CPU
		{E6FCC36F-E72E-4FEB-8D52-7F764F1EA461}.Release|Any CPU.Build.0 = Release|Any CPU
		{8036355F-70A1-4902-BF7F-6161B0AC3331}.Debug|Any CPU.ActiveCfg = Debug|Any CPU
		{8036355F-70A1-4902-BF7F-6161B0AC3331}.Debug|Any CPU.Build.0 = Debug|Any CPU
		{8036355F-70A1-4902-BF7F-6161B0AC3331}.Release|Any CPU.ActiveCfg = Release|Any CPU
		{8036355F-70A1-4902-BF7F-6161B0AC3331}.Release|Any CPU.Build.0 = Release|Any CPU
		{61F0DE9A-4024-4264-9750-FE71C30D9D8B}.Debug|Any CPU.ActiveCfg = Debug|Any CPU
		{61F0DE9A-4024-4264-9750-FE71C30D9D8B}.Debug|Any CPU.Build.0 = Debug|Any CPU
		{61F0DE9A-4024-4264-9750-FE71C30D9D8B}.Release|Any CPU.ActiveCfg = Release|Any CPU
		{61F0DE9A-4024-4264-9750-FE71C30D9D8B}.Release|Any CPU.Build.0 = Release|Any CPU
		{0293BD67-8C6E-4518-8949-E8E084884D2E}.Debug|Any CPU.ActiveCfg = Debug|Any CPU
		{0293BD67-8C6E-4518-8949-E8E084884D2E}.Debug|Any CPU.Build.0 = Debug|Any CPU
		{0293BD67-8C6E-4518-8949-E8E084884D2E}.Release|Any CPU.ActiveCfg = Release|Any CPU
		{0293BD67-8C6E-4518-8949-E8E084884D2E}.Release|Any CPU.Build.0 = Release|Any CPU
		{7B3908F5-3CDC-4496-911D-46C3C34A88A3}.Debug|Any CPU.ActiveCfg = Debug|Any CPU
		{7B3908F5-3CDC-4496-911D-46C3C34A88A3}.Debug|Any CPU.Build.0 = Debug|Any CPU
		{7B3908F5-3CDC-4496-911D-46C3C34A88A3}.Release|Any CPU.ActiveCfg = Release|Any CPU
		{7B3908F5-3CDC-4496-911D-46C3C34A88A3}.Release|Any CPU.Build.0 = Release|Any CPU
		{C69C5A3F-8E16-44B1-AA83-EE6C98AAD7E9}.Debug|Any CPU.ActiveCfg = Debug|Any CPU
		{C69C5A3F-8E16-44B1-AA83-EE6C98AAD7E9}.Debug|Any CPU.Build.0 = Debug|Any CPU
		{C69C5A3F-8E16-44B1-AA83-EE6C98AAD7E9}.Release|Any CPU.ActiveCfg = Release|Any CPU
		{C69C5A3F-8E16-44B1-AA83-EE6C98AAD7E9}.Release|Any CPU.Build.0 = Release|Any CPU
		{760BF237-241F-4291-9608-C68FE678AAC8}.Debug|Any CPU.ActiveCfg = Debug|Any CPU
		{760BF237-241F-4291-9608-C68FE678AAC8}.Debug|Any CPU.Build.0 = Debug|Any CPU
		{760BF237-241F-4291-9608-C68FE678AAC8}.Release|Any CPU.ActiveCfg = Release|Any CPU
		{760BF237-241F-4291-9608-C68FE678AAC8}.Release|Any CPU.Build.0 = Release|Any CPU
		{4C861BCA-A5D9-4104-87C7-E16313D90F6C}.Debug|Any CPU.ActiveCfg = Debug|Any CPU
		{4C861BCA-A5D9-4104-87C7-E16313D90F6C}.Debug|Any CPU.Build.0 = Debug|Any CPU
		{4C861BCA-A5D9-4104-87C7-E16313D90F6C}.Release|Any CPU.ActiveCfg = Release|Any CPU
		{4C861BCA-A5D9-4104-87C7-E16313D90F6C}.Release|Any CPU.Build.0 = Release|Any CPU
		{E583D7BD-8627-47CA-B4DF-B704BF8CD704}.Debug|Any CPU.ActiveCfg = Debug|Any CPU
		{E583D7BD-8627-47CA-B4DF-B704BF8CD704}.Debug|Any CPU.Build.0 = Debug|Any CPU
		{E583D7BD-8627-47CA-B4DF-B704BF8CD704}.Release|Any CPU.ActiveCfg = Release|Any CPU
		{E583D7BD-8627-47CA-B4DF-B704BF8CD704}.Release|Any CPU.Build.0 = Release|Any CPU
		{5AE67B0B-8068-4EF3-93E6-4A60A418E3BF}.Debug|Any CPU.ActiveCfg = Debug|Any CPU
		{5AE67B0B-8068-4EF3-93E6-4A60A418E3BF}.Debug|Any CPU.Build.0 = Debug|Any CPU
		{5AE67B0B-8068-4EF3-93E6-4A60A418E3BF}.Release|Any CPU.ActiveCfg = Release|Any CPU
		{5AE67B0B-8068-4EF3-93E6-4A60A418E3BF}.Release|Any CPU.Build.0 = Release|Any CPU
		{9CDFB929-5DC7-4D64-A63F-FA45F82AA2BC}.Debug|Any CPU.ActiveCfg = Debug|Any CPU
		{9CDFB929-5DC7-4D64-A63F-FA45F82AA2BC}.Debug|Any CPU.Build.0 = Debug|Any CPU
		{9CDFB929-5DC7-4D64-A63F-FA45F82AA2BC}.Release|Any CPU.ActiveCfg = Release|Any CPU
		{9CDFB929-5DC7-4D64-A63F-FA45F82AA2BC}.Release|Any CPU.Build.0 = Release|Any CPU
		{8E315CAE-5483-4184-A125-F525143E8EF1}.Debug|Any CPU.ActiveCfg = Debug|Any CPU
		{8E315CAE-5483-4184-A125-F525143E8EF1}.Debug|Any CPU.Build.0 = Debug|Any CPU
		{8E315CAE-5483-4184-A125-F525143E8EF1}.Release|Any CPU.ActiveCfg = Release|Any CPU
		{8E315CAE-5483-4184-A125-F525143E8EF1}.Release|Any CPU.Build.0 = Release|Any CPU
		{F18EB6FA-50B5-4558-B2EB-1807A429774B}.Debug|Any CPU.ActiveCfg = Debug|Any CPU
		{F18EB6FA-50B5-4558-B2EB-1807A429774B}.Debug|Any CPU.Build.0 = Debug|Any CPU
		{F18EB6FA-50B5-4558-B2EB-1807A429774B}.Release|Any CPU.ActiveCfg = Release|Any CPU
		{F18EB6FA-50B5-4558-B2EB-1807A429774B}.Release|Any CPU.Build.0 = Release|Any CPU
		{419D3AC1-61F5-4E38-B982-69557C6FA20C}.Debug|Any CPU.ActiveCfg = Debug|Any CPU
		{419D3AC1-61F5-4E38-B982-69557C6FA20C}.Debug|Any CPU.Build.0 = Debug|Any CPU
		{419D3AC1-61F5-4E38-B982-69557C6FA20C}.Release|Any CPU.ActiveCfg = Release|Any CPU
		{419D3AC1-61F5-4E38-B982-69557C6FA20C}.Release|Any CPU.Build.0 = Release|Any CPU
		{A7146181-6F8A-443A-832C-21594C9FE958}.Debug|Any CPU.ActiveCfg = Debug|Any CPU
		{A7146181-6F8A-443A-832C-21594C9FE958}.Debug|Any CPU.Build.0 = Debug|Any CPU
		{A7146181-6F8A-443A-832C-21594C9FE958}.Release|Any CPU.ActiveCfg = Release|Any CPU
		{A7146181-6F8A-443A-832C-21594C9FE958}.Release|Any CPU.Build.0 = Release|Any CPU
		{943ADE12-3DB8-46E4-A0A9-EE07F57C69A7}.Debug|Any CPU.ActiveCfg = Debug|Any CPU
		{943ADE12-3DB8-46E4-A0A9-EE07F57C69A7}.Debug|Any CPU.Build.0 = Debug|Any CPU
		{943ADE12-3DB8-46E4-A0A9-EE07F57C69A7}.Release|Any CPU.ActiveCfg = Release|Any CPU
		{943ADE12-3DB8-46E4-A0A9-EE07F57C69A7}.Release|Any CPU.Build.0 = Release|Any CPU
		{2A2C8D7F-564C-43FB-981F-FA04E5908C2E}.Debug|Any CPU.ActiveCfg = Debug|Any CPU
		{2A2C8D7F-564C-43FB-981F-FA04E5908C2E}.Debug|Any CPU.Build.0 = Debug|Any CPU
		{2A2C8D7F-564C-43FB-981F-FA04E5908C2E}.Release|Any CPU.ActiveCfg = Release|Any CPU
		{2A2C8D7F-564C-43FB-981F-FA04E5908C2E}.Release|Any CPU.Build.0 = Release|Any CPU
		{2BFBD5FF-2638-41A7-992A-85B108663734}.Debug|Any CPU.ActiveCfg = Debug|Any CPU
		{2BFBD5FF-2638-41A7-992A-85B108663734}.Debug|Any CPU.Build.0 = Debug|Any CPU
		{2BFBD5FF-2638-41A7-992A-85B108663734}.Release|Any CPU.ActiveCfg = Release|Any CPU
		{2BFBD5FF-2638-41A7-992A-85B108663734}.Release|Any CPU.Build.0 = Release|Any CPU
		{2CE81684-B6DB-4E7D-BD0E-1714A62AC391}.Debug|Any CPU.ActiveCfg = Debug|Any CPU
		{2CE81684-B6DB-4E7D-BD0E-1714A62AC391}.Debug|Any CPU.Build.0 = Debug|Any CPU
		{2CE81684-B6DB-4E7D-BD0E-1714A62AC391}.Release|Any CPU.ActiveCfg = Release|Any CPU
		{2CE81684-B6DB-4E7D-BD0E-1714A62AC391}.Release|Any CPU.Build.0 = Release|Any CPU
		{765A1747-CA75-4AE0-B954-056DE6D381FE}.Debug|Any CPU.ActiveCfg = Debug|Any CPU
		{765A1747-CA75-4AE0-B954-056DE6D381FE}.Debug|Any CPU.Build.0 = Debug|Any CPU
		{765A1747-CA75-4AE0-B954-056DE6D381FE}.Release|Any CPU.ActiveCfg = Release|Any CPU
		{765A1747-CA75-4AE0-B954-056DE6D381FE}.Release|Any CPU.Build.0 = Release|Any CPU
		{8D66ED43-DE33-43C9-AC02-B55D65EE6A44}.Debug|Any CPU.ActiveCfg = Debug|Any CPU
		{8D66ED43-DE33-43C9-AC02-B55D65EE6A44}.Debug|Any CPU.Build.0 = Debug|Any CPU
		{8D66ED43-DE33-43C9-AC02-B55D65EE6A44}.Release|Any CPU.ActiveCfg = Release|Any CPU
		{8D66ED43-DE33-43C9-AC02-B55D65EE6A44}.Release|Any CPU.Build.0 = Release|Any CPU
		{32A470FB-0F1E-4EB4-9396-212442B00B20}.Debug|Any CPU.ActiveCfg = Debug|Any CPU
		{32A470FB-0F1E-4EB4-9396-212442B00B20}.Debug|Any CPU.Build.0 = Debug|Any CPU
		{32A470FB-0F1E-4EB4-9396-212442B00B20}.Release|Any CPU.ActiveCfg = Release|Any CPU
		{32A470FB-0F1E-4EB4-9396-212442B00B20}.Release|Any CPU.Build.0 = Release|Any CPU
		{A9C1BE10-E2CE-41C9-933C-9A1694A75FC6}.Debug|Any CPU.ActiveCfg = Debug|Any CPU
		{A9C1BE10-E2CE-41C9-933C-9A1694A75FC6}.Debug|Any CPU.Build.0 = Debug|Any CPU
		{A9C1BE10-E2CE-41C9-933C-9A1694A75FC6}.Release|Any CPU.ActiveCfg = Release|Any CPU
		{A9C1BE10-E2CE-41C9-933C-9A1694A75FC6}.Release|Any CPU.Build.0 = Release|Any CPU
		{F64E64B1-DAB3-495F-A53A-B0AD8884D3BC}.Debug|Any CPU.ActiveCfg = Debug|Any CPU
		{F64E64B1-DAB3-495F-A53A-B0AD8884D3BC}.Debug|Any CPU.Build.0 = Debug|Any CPU
		{F64E64B1-DAB3-495F-A53A-B0AD8884D3BC}.Release|Any CPU.ActiveCfg = Release|Any CPU
		{F64E64B1-DAB3-495F-A53A-B0AD8884D3BC}.Release|Any CPU.Build.0 = Release|Any CPU
		{4CCF2D25-262F-43E2-B3D3-7E6E24033B41}.Debug|Any CPU.ActiveCfg = Debug|Any CPU
		{4CCF2D25-262F-43E2-B3D3-7E6E24033B41}.Debug|Any CPU.Build.0 = Debug|Any CPU
		{4CCF2D25-262F-43E2-B3D3-7E6E24033B41}.Release|Any CPU.ActiveCfg = Release|Any CPU
		{4CCF2D25-262F-43E2-B3D3-7E6E24033B41}.Release|Any CPU.Build.0 = Release|Any CPU
		{441FFB2B-4C3B-4165-B15C-9B22A2BCC5EC}.Debug|Any CPU.ActiveCfg = Debug|Any CPU
		{441FFB2B-4C3B-4165-B15C-9B22A2BCC5EC}.Debug|Any CPU.Build.0 = Debug|Any CPU
		{441FFB2B-4C3B-4165-B15C-9B22A2BCC5EC}.Release|Any CPU.ActiveCfg = Release|Any CPU
		{441FFB2B-4C3B-4165-B15C-9B22A2BCC5EC}.Release|Any CPU.Build.0 = Release|Any CPU
		{85B85B07-967A-4546-A921-7E89816D10E7}.Debug|Any CPU.ActiveCfg = Debug|Any CPU
		{85B85B07-967A-4546-A921-7E89816D10E7}.Debug|Any CPU.Build.0 = Debug|Any CPU
		{85B85B07-967A-4546-A921-7E89816D10E7}.Release|Any CPU.ActiveCfg = Release|Any CPU
		{85B85B07-967A-4546-A921-7E89816D10E7}.Release|Any CPU.Build.0 = Release|Any CPU
		{AF45C2E5-EF94-43E8-A3D0-321803DC804E}.Debug|Any CPU.ActiveCfg = Debug|Any CPU
		{AF45C2E5-EF94-43E8-A3D0-321803DC804E}.Debug|Any CPU.Build.0 = Debug|Any CPU
		{AF45C2E5-EF94-43E8-A3D0-321803DC804E}.Release|Any CPU.ActiveCfg = Release|Any CPU
		{AF45C2E5-EF94-43E8-A3D0-321803DC804E}.Release|Any CPU.Build.0 = Release|Any CPU
	EndGlobalSection
	GlobalSection(NestedProjects) = preSolution
		{3C502289-0E18-43DC-A57B-A329AE3E8A30} = {DBEFD37B-8203-44BB-B5DA-7392C7DDADC3}
		{BDEB5B23-2DBE-4AD1-AD6B-399B100ACD97} = {DBEFD37B-8203-44BB-B5DA-7392C7DDADC3}
		{E6FCC36F-E72E-4FEB-8D52-7F764F1EA461} = {DBEFD37B-8203-44BB-B5DA-7392C7DDADC3}
		{8036355F-70A1-4902-BF7F-6161B0AC3331} = {DBEFD37B-8203-44BB-B5DA-7392C7DDADC3}
		{61F0DE9A-4024-4264-9750-FE71C30D9D8B} = {DBEFD37B-8203-44BB-B5DA-7392C7DDADC3}
		{0293BD67-8C6E-4518-8949-E8E084884D2E} = {DBEFD37B-8203-44BB-B5DA-7392C7DDADC3}
		{7B3908F5-3CDC-4496-911D-46C3C34A88A3} = {DBEFD37B-8203-44BB-B5DA-7392C7DDADC3}
		{C69C5A3F-8E16-44B1-AA83-EE6C98AAD7E9} = {42454863-16A5-4374-B5A4-22197E656099}
		{760BF237-241F-4291-9608-C68FE678AAC8} = {42454863-16A5-4374-B5A4-22197E656099}
		{4C861BCA-A5D9-4104-87C7-E16313D90F6C} = {42454863-16A5-4374-B5A4-22197E656099}
		{E583D7BD-8627-47CA-B4DF-B704BF8CD704} = {42454863-16A5-4374-B5A4-22197E656099}
		{5AE67B0B-8068-4EF3-93E6-4A60A418E3BF} = {42454863-16A5-4374-B5A4-22197E656099}
		{9CDFB929-5DC7-4D64-A63F-FA45F82AA2BC} = {42454863-16A5-4374-B5A4-22197E656099}
		{8E315CAE-5483-4184-A125-F525143E8EF1} = {42454863-16A5-4374-B5A4-22197E656099}
		{F18EB6FA-50B5-4558-B2EB-1807A429774B} = {42454863-16A5-4374-B5A4-22197E656099}
		{419D3AC1-61F5-4E38-B982-69557C6FA20C} = {B98B9AAD-B560-4E26-A61E-896F165F6B2B}
		{A7146181-6F8A-443A-832C-21594C9FE958} = {DBEFD37B-8203-44BB-B5DA-7392C7DDADC3}
		{943ADE12-3DB8-46E4-A0A9-EE07F57C69A7} = {42454863-16A5-4374-B5A4-22197E656099}
		{2A2C8D7F-564C-43FB-981F-FA04E5908C2E} = {DBEFD37B-8203-44BB-B5DA-7392C7DDADC3}
		{2BFBD5FF-2638-41A7-992A-85B108663734} = {DBEFD37B-8203-44BB-B5DA-7392C7DDADC3}
		{2CE81684-B6DB-4E7D-BD0E-1714A62AC391} = {DBEFD37B-8203-44BB-B5DA-7392C7DDADC3}
		{765A1747-CA75-4AE0-B954-056DE6D381FE} = {42454863-16A5-4374-B5A4-22197E656099}
		{8D66ED43-DE33-43C9-AC02-B55D65EE6A44} = {42454863-16A5-4374-B5A4-22197E656099}
		{32A470FB-0F1E-4EB4-9396-212442B00B20} = {42454863-16A5-4374-B5A4-22197E656099}
		{A9C1BE10-E2CE-41C9-933C-9A1694A75FC6} = {DBEFD37B-8203-44BB-B5DA-7392C7DDADC3}
		{F64E64B1-DAB3-495F-A53A-B0AD8884D3BC} = {42454863-16A5-4374-B5A4-22197E656099}
		{4CCF2D25-262F-43E2-B3D3-7E6E24033B41} = {DBEFD37B-8203-44BB-B5DA-7392C7DDADC3}
		{441FFB2B-4C3B-4165-B15C-9B22A2BCC5EC} = {42454863-16A5-4374-B5A4-22197E656099}
		{85B85B07-967A-4546-A921-7E89816D10E7} = {DBEFD37B-8203-44BB-B5DA-7392C7DDADC3}
		{AF45C2E5-EF94-43E8-A3D0-321803DC804E} = {42454863-16A5-4374-B5A4-22197E656099}
	EndGlobalSection
EndGlobal
